
Microsoft Visual Studio Solution File, Format Version 12.00
# Visual Studio Version 17
VisualStudioVersion = 17.5.002.0
MinimumVisualStudioVersion = 10.0.40219.1
Project("{9A19103F-16F7-4668-BE54-9A1E7A4F7556}") = "CuentasPorCobrar.API", "CuentasPorCobrar.API.csproj", "{C23026AD-0815-4952-A62B-31C9F7BE2BC3}"
EndProject
Global
	GlobalSection(SolutionConfigurationPlatforms) = preSolution
		Debug|Any CPU = Debug|Any CPU
		Release|Any CPU = Release|Any CPU
	EndGlobalSection
	GlobalSection(ProjectConfigurationPlatforms) = postSolution
		{C23026AD-0815-4952-A62B-31C9F7BE2BC3}.Debug|Any CPU.ActiveCfg = Debug|Any CPU
		{C23026AD-0815-4952-A62B-31C9F7BE2BC3}.Debug|Any CPU.Build.0 = Debug|Any CPU
		{C23026AD-0815-4952-A62B-31C9F7BE2BC3}.Release|Any CPU.ActiveCfg = Release|Any CPU
		{C23026AD-0815-4952-A62B-31C9F7BE2BC3}.Release|Any CPU.Build.0 = Release|Any CPU
	EndGlobalSection
	GlobalSection(SolutionProperties) = preSolution
		HideSolutionNode = FALSE
	EndGlobalSection
	GlobalSection(ExtensibilityGlobals) = postSolution
		SolutionGuid = {FB838B3B-5006-4950-A64F-089AD8CF6EA0}
	EndGlobalSection
EndGlobal
